// !$*UTF8*$!
{
	archiveVersion = 1;
	classes = {
	};
	objectVersion = 48;
	objects = {

/* Begin PBXBuildFile section */
		D4215D29204E045C0077E543 /* Lobster-Regular.ttf in Resources */ = {isa = PBXBuildFile; fileRef = D4215D28204E045C0077E543 /* Lobster-Regular.ttf */; };
		D4EC21E1204CDD240082316E /* AppDelegate.swift in Sources */ = {isa = PBXBuildFile; fileRef = D4EC21E0204CDD240082316E /* AppDelegate.swift */; };
		D4EC21E3204CDD240082316E /* First_VC.swift in Sources */ = {isa = PBXBuildFile; fileRef = D4EC21E2204CDD240082316E /* First_VC.swift */; };
		D4EC21E6204CDD240082316E /* Main.storyboard in Resources */ = {isa = PBXBuildFile; fileRef = D4EC21E4204CDD240082316E /* Main.storyboard */; };
		D4EC21E8204CDD240082316E /* Assets.xcassets in Resources */ = {isa = PBXBuildFile; fileRef = D4EC21E7204CDD240082316E /* Assets.xcassets */; };
		D4EC21EB204CDD240082316E /* LaunchScreen.storyboard in Resources */ = {isa = PBXBuildFile; fileRef = D4EC21E9204CDD240082316E /* LaunchScreen.storyboard */; };
		D4EC21F7204CE0730082316E /* Second_VC.swift in Sources */ = {isa = PBXBuildFile; fileRef = D4EC21F6204CE0730082316E /* Second_VC.swift */; };
		D4EC21F9204CE07F0082316E /* Third_VC.swift in Sources */ = {isa = PBXBuildFile; fileRef = D4EC21F8204CE07F0082316E /* Third_VC.swift */; };
/* End PBXBuildFile section */

/* Begin PBXFileReference section */
		D4215D28204E045C0077E543 /* Lobster-Regular.ttf */ = {isa = PBXFileReference; lastKnownFileType = file; path = "Lobster-Regular.ttf"; sourceTree = "<group>"; };
		D4EC21DD204CDD240082316E /* Customizing Navigation Controller.app */ = {isa = PBXFileReference; explicitFileType = wrapper.application; includeInIndex = 0; path = "Customizing Navigation Controller.app"; sourceTree = BUILT_PRODUCTS_DIR; };
		D4EC21E0204CDD240082316E /* AppDelegate.swift */ = {isa = PBXFileReference; lastKnownFileType = sourcecode.swift; path = AppDelegate.swift; sourceTree = "<group>"; };
		D4EC21E2204CDD240082316E /* First_VC.swift */ = {isa = PBXFileReference; lastKnownFileType = sourcecode.swift; path = First_VC.swift; sourceTree = "<group>"; };
		D4EC21E5204CDD240082316E /* Base */ = {isa = PBXFileReference; lastKnownFileType = file.storyboard; name = Base; path = Base.lproj/Main.storyboard; sourceTree = "<group>"; };
		D4EC21E7204CDD240082316E /* Assets.xcassets */ = {isa = PBXFileReference; lastKnownFileType = folder.assetcatalog; path = Assets.xcassets; sourceTree = "<group>"; };
		D4EC21EA204CDD240082316E /* Base */ = {isa = PBXFileReference; lastKnownFileType = file.storyboard; name = Base; path = Base.lproj/LaunchScreen.storyboard; sourceTree = "<group>"; };
		D4EC21EC204CDD240082316E /* Info.plist */ = {isa = PBXFileReference; lastKnownFileType = text.plist.xml; path = Info.plist; sourceTree = "<group>"; };
		D4EC21F6204CE0730082316E /* Second_VC.swift */ = {isa = PBXFileReference; lastKnownFileType = sourcecode.swift; path = Second_VC.swift; sourceTree = "<group>"; };
		D4EC21F8204CE07F0082316E /* Third_VC.swift */ = {isa = PBXFileReference; lastKnownFileType = sourcecode.swift; path = Third_VC.swift; sourceTree = "<group>"; };
/* End PBXFileReference section */

/* Begin PBXFrameworksBuildPhase section */
		D4EC21DA204CDD230082316E /* Frameworks */ = {
			isa = PBXFrameworksBuildPhase;
			buildActionMask = 2147483647;
			files = (
			);
			runOnlyForDeploymentPostprocessing = 0;
		};
/* End PBXFrameworksBuildPhase section */

/* Begin PBXGroup section */
		D4EC21D4204CDD230082316E = {
			isa = PBXGroup;
			children = (
				D4EC21DF204CDD240082316E /* Customizing Navigation Controller */,
				D4EC21DE204CDD240082316E /* Products */,
			);
			sourceTree = "<group>";
		};
		D4EC21DE204CDD240082316E /* Products */ = {
			isa = PBXGroup;
			children = (
				D4EC21DD204CDD240082316E /* Customizing Navigation Controller.app */,
			);
			name = Products;
			sourceTree = "<group>";
		};
		D4EC21DF204CDD240082316E /* Customizing Navigation Controller */ = {
			isa = PBXGroup;
			children = (
				D4EC21F5204CDEE00082316E /* Model */,
				D4EC21F4204CDEDC0082316E /* View */,
				D4EC21F3204CDEDA0082316E /* Controller */,
				D4EC21F2204CDED80082316E /* Resources */,
				D4EC21E0204CDD240082316E /* AppDelegate.swift */,
				D4EC21E4204CDD240082316E /* Main.storyboard */,
				D4EC21E9204CDD240082316E /* LaunchScreen.storyboard */,
			);
			path = "Customizing Navigation Controller";
			sourceTree = "<group>";
		};
		D4EC21F2204CDED80082316E /* Resources */ = {
			isa = PBXGroup;
			children = (
				D4215D28204E045C0077E543 /* Lobster-Regular.ttf */,
				D4EC21E7204CDD240082316E /* Assets.xcassets */,
				D4EC21EC204CDD240082316E /* Info.plist */,
			);
			path = Resources;
			sourceTree = "<group>";
		};
		D4EC21F3204CDEDA0082316E /* Controller */ = {
			isa = PBXGroup;
			children = (
				D4EC21E2204CDD240082316E /* First_VC.swift */,
				D4EC21F6204CE0730082316E /* Second_VC.swift */,
				D4EC21F8204CE07F0082316E /* Third_VC.swift */,
			);
			path = Controller;
			sourceTree = "<group>";
		};
		D4EC21F4204CDEDC0082316E /* View */ = {
			isa = PBXGroup;
			children = (
			);
			path = View;
			sourceTree = "<group>";
		};
		D4EC21F5204CDEE00082316E /* Model */ = {
			isa = PBXGroup;
			children = (
			);
			path = Model;
			sourceTree = "<group>";
		};
/* End PBXGroup section */

/* Begin PBXNativeTarget section */
		D4EC21DC204CDD230082316E /* Customizing Navigation Controller */ = {
			isa = PBXNativeTarget;
			buildConfigurationList = D4EC21EF204CDD240082316E /* Build configuration list for PBXNativeTarget "Customizing Navigation Controller" */;
			buildPhases = (
				D4EC21D9204CDD230082316E /* Sources */,
				D4EC21DA204CDD230082316E /* Frameworks */,
				D4EC21DB204CDD230082316E /* Resources */,
			);
			buildRules = (
			);
			dependencies = (
			);
			name = "Customizing Navigation Controller";
			productName = "Customizing Navigation Controller";
			productReference = D4EC21DD204CDD240082316E /* Customizing Navigation Controller.app */;
			productType = "com.apple.product-type.application";
		};
/* End PBXNativeTarget section */

/* Begin PBXProject section */
		D4EC21D5204CDD230082316E /* Project object */ = {
			isa = PBXProject;
			attributes = {
				LastSwiftUpdateCheck = 0920;
				LastUpgradeCheck = 0920;
				ORGANIZATIONNAME = "Yusif Aliyev";
				TargetAttributes = {
					D4EC21DC204CDD230082316E = {
						CreatedOnToolsVersion = 9.2;
						ProvisioningStyle = Automatic;
					};
				};
			};
			buildConfigurationList = D4EC21D8204CDD230082316E /* Build configuration list for PBXProject "Customizing Navigation Controller" */;
			compatibilityVersion = "Xcode 8.0";
			developmentRegion = en;
			hasScannedForEncodings = 0;
			knownRegions = (
				en,
				Base,
			);
			mainGroup = D4EC21D4204CDD230082316E;
			productRefGroup = D4EC21DE204CDD240082316E /* Products */;
			projectDirPath = "";
			projectRoot = "";
			targets = (
				D4EC21DC204CDD230082316E /* Customizing Navigation Controller */,
			);
		};
/* End PBXProject section */

/* Begin PBXResourcesBuildPhase section */
		D4EC21DB204CDD230082316E /* Resources */ = {
			isa = PBXResourcesBuildPhase;
			buildActionMask = 2147483647;
			files = (
				D4EC21EB204CDD240082316E /* LaunchScreen.storyboard in Resources */,
				D4215D29204E045C0077E543 /* Lobster-Regular.ttf in Resources */,
				D4EC21E8204CDD240082316E /* Assets.xcassets in Resources */,
				D4EC21E6204CDD240082316E /* Main.storyboard in Resources */,
			);
			runOnlyForDeploymentPostprocessing = 0;
		};
/* End PBXResourcesBuildPhase section */

/* Begin PBXSourcesBuildPhase section */
		D4EC21D9204CDD230082316E /* Sources */ = {
			isa = PBXSourcesBuildPhase;
			buildActionMask = 2147483647;
			files = (
				D4EC21F9204CE07F0082316E /* Third_VC.swift in Sources */,
				D4EC21E3204CDD240082316E /* First_VC.swift in Sources */,
				D4EC21F7204CE0730082316E /* Second_VC.swift in Sources */,
				D4EC21E1204CDD240082316E /* AppDelegate.swift in Sources */,
			);
			runOnlyForDeploymentPostprocessing = 0;
		};
/* End PBXSourcesBuildPhase section */

/* Begin PBXVariantGroup section */
		D4EC21E4204CDD240082316E /* Main.storyboard */ = {
			isa = PBXVariantGroup;
			children = (
				D4EC21E5204CDD240082316E /* Base */,
			);
			name = Main.storyboard;
			sourceTree = "<group>";
		};
		D4EC21E9204CDD240082316E /* LaunchScreen.storyboard */ = {
			isa = PBXVariantGroup;
			children = (
				D4EC21EA204CDD240082316E /* Base */,
			);
			name = LaunchScreen.storyboard;
			sourceTree = "<group>";
		};
/* End PBXVariantGroup section */

/* Begin XCBuildConfiguration section */
		D4EC21ED204CDD240082316E /* Debug */ = {
			isa = XCBuildConfiguration;
			buildSettings = {
				ALWAYS_SEARCH_USER_PATHS = NO;
				CLANG_ANALYZER_NONNULL = YES;
				CLANG_ANALYZER_NUMBER_OBJECT_CONVERSION = YES_AGGRESSIVE;
				CLANG_CXX_LANGUAGE_STANDARD = "gnu++14";
				CLANG_CXX_LIBRARY = "libc++";
				CLANG_ENABLE_MODULES = YES;
				CLANG_ENABLE_OBJC_ARC = YES;
				CLANG_WARN_BLOCK_CAPTURE_AUTORELEASING = YES;
				CLANG_WARN_BOOL_CONVERSION = YES;
				CLANG_WARN_COMMA = YES;
				CLANG_WARN_CONSTANT_CONVERSION = YES;
				CLANG_WARN_DIRECT_OBJC_ISA_USAGE = YES_ERROR;
				CLANG_WARN_DOCUMENTATION_COMMENTS = YES;
				CLANG_WARN_EMPTY_BODY = YES;
				CLANG_WARN_ENUM_CONVERSION = YES;
				CLANG_WARN_INFINITE_RECURSION = YES;
				CLANG_WARN_INT_CONVERSION = YES;
				CLANG_WARN_NON_LITERAL_NULL_CONVERSION = YES;
				CLANG_WARN_OBJC_LITERAL_CONVERSION = YES;
				CLANG_WARN_OBJC_ROOT_CLASS = YES_ERROR;
				CLANG_WARN_RANGE_LOOP_ANALYSIS = YES;
				CLANG_WARN_STRICT_PROTOTYPES = YES;
				CLANG_WARN_SUSPICIOUS_MOVE = YES;
				CLANG_WARN_UNGUARDED_AVAILABILITY = YES_AGGRESSIVE;
				CLANG_WARN_UNREACHABLE_CODE = YES;
				CLANG_WARN__DUPLICATE_METHOD_MATCH = YES;
				CODE_SIGN_IDENTITY = "iPhone Developer";
				COPY_PHASE_STRIP = NO;
				DEBUG_INFORMATION_FORMAT = dwarf;
				ENABLE_STRICT_OBJC_MSGSEND = YES;
				ENABLE_TESTABILITY = YES;
				GCC_C_LANGUAGE_STANDARD = gnu11;
				GCC_DYNAMIC_NO_PIC = NO;
				GCC_NO_COMMON_BLOCKS = YES;
				GCC_OPTIMIZATION_LEVEL = 0;
				GCC_PREPROCESSOR_DEFINITIONS = (
					"DEBUG=1",
					"$(inherited)",
				);
				GCC_WARN_64_TO_32_BIT_CONVERSION = YES;
				GCC_WARN_ABOUT_RETURN_TYPE = YES_ERROR;
				GCC_WARN_UNDECLARED_SELECTOR = YES;
				GCC_WARN_UNINITIALIZED_AUTOS = YES_AGGRESSIVE;
				GCC_WARN_UNUSED_FUNCTION = YES;
				GCC_WARN_UNUSED_VARIABLE = YES;
				IPHONEOS_DEPLOYMENT_TARGET = 11.2;
				MTL_ENABLE_DEBUG_INFO = YES;
				ONLY_ACTIVE_ARCH = YES;
				SDKROOT = iphoneos;
				SWIFT_ACTIVE_COMPILATION_CONDITIONS = DEBUG;
				SWIFT_OPTIMIZATION_LEVEL = "-Onone";
			};
			name = Debug;
		};
		D4EC21EE204CDD240082316E /* Release */ = {
			isa = XCBuildConfiguration;
			buildSettings = {
				ALWAYS_SEARCH_USER_PATHS = NO;
				CLANG_ANALYZER_NONNULL = YES;
				CLANG_ANALYZER_NUMBER_OBJECT_CONVERSION = YES_AGGRESSIVE;
				CLANG_CXX_LANGUAGE_STANDARD = "gnu++14";
				CLANG_CXX_LIBRARY = "libc++";
				CLANG_ENABLE_MODULES = YES;
				CLANG_ENABLE_OBJC_ARC = YES;
				CLANG_WARN_BLOCK_CAPTURE_AUTORELEASING = YES;
				CLANG_WARN_BOOL_CONVERSION = YES;
				CLANG_WARN_COMMA = YES;
				CLANG_WARN_CONSTANT_CONVERSION = YES;
				CLANG_WARN_DIRECT_OBJC_ISA_USAGE = YES_ERROR;
				CLANG_WARN_DOCUMENTATION_COMMENTS = YES;
				CLANG_WARN_EMPTY_BODY = YES;
				CLANG_WARN_ENUM_CONVERSION = YES;
				CLANG_WARN_INFINITE_RECURSION = YES;
				CLANG_WARN_INT_CONVERSION = YES;
				CLANG_WARN_NON_LITERAL_NULL_CONVERSION = YES;
				CLANG_WARN_OBJC_LITERAL_CONVERSION = YES;
				CLANG_WARN_OBJC_ROOT_CLASS = YES_ERROR;
				CLANG_WARN_RANGE_LOOP_ANALYSIS = YES;
				CLANG_WARN_STRICT_PROTOTYPES = YES;
				CLANG_WARN_SUSPICIOUS_MOVE = YES;
				CLANG_WARN_UNGUARDED_AVAILABILITY = YES_AGGRESSIVE;
				CLANG_WARN_UNREACHABLE_CODE = YES;
				CLANG_WARN__DUPLICATE_METHOD_MATCH = YES;
				CODE_SIGN_IDENTITY = "iPhone Developer";
				COPY_PHASE_STRIP = NO;
				DEBUG_INFORMATION_FORMAT = "dwarf-with-dsym";
				ENABLE_NS_ASSERTIONS = NO;
				ENABLE_STRICT_OBJC_MSGSEND = YES;
				GCC_C_LANGUAGE_STANDARD = gnu11;
				GCC_NO_COMMON_BLOCKS = YES;
				GCC_WARN_64_TO_32_BIT_CONVERSION = YES;
				GCC_WARN_ABOUT_RETURN_TYPE = YES_ERROR;
				GCC_WARN_UNDECLARED_SELECTOR = YES;
				GCC_WARN_UNINITIALIZED_AUTOS = YES_AGGRESSIVE;
				GCC_WARN_UNUSED_FUNCTION = YES;
				GCC_WARN_UNUSED_VARIABLE = YES;
				IPHONEOS_DEPLOYMENT_TARGET = 11.2;
				MTL_ENABLE_DEBUG_INFO = NO;
				SDKROOT = iphoneos;
				SWIFT_OPTIMIZATION_LEVEL = "-Owholemodule";
				VALIDATE_PRODUCT = YES;
			};
			name = Release;
		};
		D4EC21F0204CDD240082316E /* Debug */ = {
			isa = XCBuildConfiguration;
			buildSettings = {
				ASSETCATALOG_COMPILER_APPICON_NAME = AppIcon;
				CODE_SIGN_STYLE = Automatic;
				DEVELOPMENT_TEAM = 7NM5JA8Q5L;
				INFOPLIST_FILE = "Customizing Navigation Controller/Resources/Info.plist";
				LD_RUNPATH_SEARCH_PATHS = "$(inherited) @executable_path/Frameworks";
				PRODUCT_BUNDLE_IDENTIFIER = "com.yusif-the-ios-developer.Customizing-Navigation-Controller";
				PRODUCT_NAME = "$(TARGET_NAME)";
				SWIFT_VERSION = 4.0;
				TARGETED_DEVICE_FAMILY = "1,2";
			};
			name = Debug;
		};
		D4EC21F1204CDD240082316E /* Release */ = {
			isa = XCBuildConfiguration;
			buildSettings = {
				ASSETCATALOG_COMPILER_APPICON_NAME = AppIcon;
				CODE_SIGN_STYLE = Automatic;
				DEVELOPMENT_TEAM = 7NM5JA8Q5L;
				INFOPLIST_FILE = "Customizing Navigation Controller/Resources/Info.plist";
				LD_RUNPATH_SEARCH_PATHS = "$(inherited) @executable_path/Frameworks";
				PRODUCT_BUNDLE_IDENTIFIER = "com.yusif-the-ios-developer.Customizing-Navigation-Controller";
				PRODUCT_NAME = "$(TARGET_NAME)";
				SWIFT_VERSION = 4.0;
				TARGETED_DEVICE_FAMILY = "1,2";
			};
			name = Release;
		};
/* End XCBuildConfiguration section */

/* Begin XCConfigurationList section */
		D4EC21D8204CDD230082316E /* Build configuration list for PBXProject "Customizing Navigation Controller" */ = {
			isa = XCConfigurationList;
			buildConfigurations = (
				D4EC21ED204CDD240082316E /* Debug */,
				D4EC21EE204CDD240082316E /* Release */,
			);
			defaultConfigurationIsVisible = 0;
			defaultConfigurationName = Release;
		};
		D4EC21EF204CDD240082316E /* Build configuration list for PBXNativeTarget "Customizing Navigation Controller" */ = {
			isa = XCConfigurationList;
			buildConfigurations = (
				D4EC21F0204CDD240082316E /* Debug */,
				D4EC21F1204CDD240082316E /* Release */,
			);
			defaultConfigurationIsVisible = 0;
			defaultConfigurationName = Release;
		};
/* End XCConfigurationList section */
	};
	rootObject = D4EC21D5204CDD230082316E /* Project object */;
}
